
Microsoft Visual Studio Solution File, Format Version 12.00
# Visual Studio Version 17
VisualStudioVersion = 17.11.35312.102
MinimumVisualStudioVersion = 10.0.40219.1
Project("{9A19103F-16F7-4668-BE54-9A1E7A4F7556}") = "Monitor.Agent", "Monitor.Agent\Monitor.Agent.csproj", "{ED27778B-609A-401B-8FB0-E0BCC841B927}"
EndProject
Project("{9A19103F-16F7-4668-BE54-9A1E7A4F7556}") = "Monitor.SharedTypes", "Monitor.SharedTypes\Monitor.SharedTypes.csproj", "{4C253429-B85C-41AA-B848-4FE01F445FC5}"
EndProject
Project("{9A19103F-16F7-4668-BE54-9A1E7A4F7556}") = "Monitor.Blazor", "Monitor.Blazor\Monitor.Blazor.csproj", "{704AB478-60AA-408F-BFB9-DC5465616479}"
EndProject
Project("{FAE04EC0-301F-11D3-BF4B-00C04F79EFBC}") = "Monitor.Infra", "Monitor.Infra\Monitor.Infra.csproj", "{9A9854A8-0857-417C-A119-49FFBF700A5B}"
EndProject
Project("{2150E333-8FDC-42A3-9474-1A3956D46DE8}") = "Test", "Test", "{901FF5EB-17DB-4805-8AA7-5BEE4BAC9B27}"
EndProject
Project("{FAE04EC0-301F-11D3-BF4B-00C04F79EFBC}") = "Monitor.Infra.Tests", "Tests\Monitor.Infra.Tests\Monitor.Infra.Tests.csproj", "{766E1973-35BB-41C0-BC1A-3EC89788E3E7}"
EndProject
Global
	GlobalSection(SolutionConfigurationPlatforms) = preSolution
		Debug|Any CPU = Debug|Any CPU
		Release|Any CPU = Release|Any CPU
	EndGlobalSection
	GlobalSection(ProjectConfigurationPlatforms) = postSolution
		{ED27778B-609A-401B-8FB0-E0BCC841B927}.Debug|Any CPU.ActiveCfg = Debug|Any CPU
		{ED27778B-609A-401B-8FB0-E0BCC841B927}.Debug|Any CPU.Build.0 = Debug|Any CPU
		{ED27778B-609A-401B-8FB0-E0BCC841B927}.Release|Any CPU.ActiveCfg = Release|Any CPU
		{ED27778B-609A-401B-8FB0-E0BCC841B927}.Release|Any CPU.Build.0 = Release|Any CPU
		{4C253429-B85C-41AA-B848-4FE01F445FC5}.Debug|Any CPU.ActiveCfg = Debug|Any CPU
		{4C253429-B85C-41AA-B848-4FE01F445FC5}.Debug|Any CPU.Build.0 = Debug|Any CPU
		{4C253429-B85C-41AA-B848-4FE01F445FC5}.Release|Any CPU.ActiveCfg = Release|Any CPU
		{4C253429-B85C-41AA-B848-4FE01F445FC5}.Release|Any CPU.Build.0 = Release|Any CPU
		{704AB478-60AA-408F-BFB9-DC5465616479}.Debug|Any CPU.ActiveCfg = Debug|Any CPU
		{704AB478-60AA-408F-BFB9-DC5465616479}.Debug|Any CPU.Build.0 = Debug|Any CPU
		{704AB478-60AA-408F-BFB9-DC5465616479}.Release|Any CPU.ActiveCfg = Release|Any CPU
		{704AB478-60AA-408F-BFB9-DC5465616479}.Release|Any CPU.Build.0 = Release|Any CPU
		{9A9854A8-0857-417C-A119-49FFBF700A5B}.Debug|Any CPU.ActiveCfg = Debug|Any CPU
		{9A9854A8-0857-417C-A119-49FFBF700A5B}.Debug|Any CPU.Build.0 = Debug|Any CPU
		{9A9854A8-0857-417C-A119-49FFBF700A5B}.Release|Any CPU.ActiveCfg = Release|Any CPU
		{9A9854A8-0857-417C-A119-49FFBF700A5B}.Release|Any CPU.Build.0 = Release|Any CPU
		{766E1973-35BB-41C0-BC1A-3EC89788E3E7}.Debug|Any CPU.ActiveCfg = Debug|Any CPU
		{766E1973-35BB-41C0-BC1A-3EC89788E3E7}.Debug|Any CPU.Build.0 = Debug|Any CPU
		{766E1973-35BB-41C0-BC1A-3EC89788E3E7}.Release|Any CPU.ActiveCfg = Release|Any CPU
		{766E1973-35BB-41C0-BC1A-3EC89788E3E7}.Release|Any CPU.Build.0 = Release|Any CPU
	EndGlobalSection
	GlobalSection(SolutionProperties) = preSolution
		HideSolutionNode = FALSE
	EndGlobalSection
	GlobalSection(NestedProjects) = preSolution
		{766E1973-35BB-41C0-BC1A-3EC89788E3E7} = {901FF5EB-17DB-4805-8AA7-5BEE4BAC9B27}
	EndGlobalSection
	GlobalSection(ExtensibilityGlobals) = postSolution
		SolutionGuid = {FF5B4E5A-125E-4A9C-A071-60987B29FF79}
	EndGlobalSection
EndGlobal
